
Microsoft Visual Studio Solution File, Format Version 12.00
# Visual Studio Version 16
VisualStudioVersion = 16.0.28803.156
MinimumVisualStudioVersion = 10.0.40219.1
Project("{2150E333-8FDC-42A3-9474-1A3956D46DE8}") = "build", "build", "{74A61C02-16BE-4F6F-B378-4CBB7E743A37}"
	ProjectSection(SolutionItems) = preProject
		build\common.props = build\common.props
		build\dependencies.props = build\dependencies.props
		build\key.snk = build\key.snk
		build\packages.props = build\packages.props
		build\version.props = build\version.props
	EndProjectSection
EndProject
Project("{2150E333-8FDC-42A3-9474-1A3956D46DE8}") = "src", "src", "{EFBB5EFD-334C-487E-8C31-9F21FB106FFF}"
EndProject
Project("{2150E333-8FDC-42A3-9474-1A3956D46DE8}") = "samples", "samples", "{8D5ED59A-C3FC-4E35-9E73-A8FF5492DFCD}"
EndProject
Project("{9A19103F-16F7-4668-BE54-9A1E7A4F7556}") = "AspNet.Security.OpenId", "src\AspNet.Security.OpenId\AspNet.Security.OpenId.csproj", "{9254C4F1-2305-457F-A7DB-9BEE8B2A76B7}"
EndProject
Project("{9A19103F-16F7-4668-BE54-9A1E7A4F7556}") = "Mvc.Client", "samples\Mvc.Client\Mvc.Client.csproj", "{6FD2F651-A074-4C07-93A3-0527EB19F3BF}"
EndProject
Project("{9A19103F-16F7-4668-BE54-9A1E7A4F7556}") = "AspNet.Security.OpenId.Steam", "src\AspNet.Security.OpenId.Steam\AspNet.Security.OpenId.Steam.csproj", "{49400532-7B7B-4C8F-877F-FDB21D3717CC}"
EndProject
Project("{2150E333-8FDC-42A3-9474-1A3956D46DE8}") = "test", "test", "{9830BBC8-5A1C-4FC7-AFC8-C3F5247B2151}"
EndProject
Project("{9A19103F-16F7-4668-BE54-9A1E7A4F7556}") = "AspNet.Security.OpenId.Providers.Tests", "test\AspNet.Security.OpenId.Providers.Tests\AspNet.Security.OpenId.Providers.Tests.csproj", "{F25AB0AB-F046-4D4B-97DD-634C2725D050}"
EndProject
Project("{2150E333-8FDC-42A3-9474-1A3956D46DE8}") = "Solution Items", "Solution Items", "{6C70B0E8-0729-41F6-8A4F-E6E30F960717}"
	ProjectSection(SolutionItems) = preProject
		.editorconfig = .editorconfig
		.gitattributes = .gitattributes
		.gitignore = .gitignore
		.travis.yml = .travis.yml
		build.cmd = build.cmd
		build.ps1 = build.ps1
		build.sh = build.sh
		CODE_OF_CONDUCT.md = CODE_OF_CONDUCT.md
		global.json = global.json
		korebuild-lock.txt = korebuild-lock.txt
		korebuild.json = korebuild.json
		NuGet.config = NuGet.config
		README.md = README.md
		run.cmd = run.cmd
		run.ps1 = run.ps1
		run.sh = run.sh
	EndProjectSection
EndProject
Project("{2150E333-8FDC-42A3-9474-1A3956D46DE8}") = ".github", ".github", "{738BD06E-33F6-4A29-B416-90F574A06D7D}"
	ProjectSection(SolutionItems) = preProject
		.github\CODEOWNERS = .github\CODEOWNERS
		.github\CONTRIBUTING.md = .github\CONTRIBUTING.md
		.github\ISSUE_TEMPLATE.md = .github\ISSUE_TEMPLATE.md
		.github\PULL_REQUEST_TEMPLATE.md = .github\PULL_REQUEST_TEMPLATE.md
	EndProjectSection
EndProject
Project("{2150E333-8FDC-42A3-9474-1A3956D46DE8}") = "ISSUE_TEMPLATE", "ISSUE_TEMPLATE", "{E248C01E-FC23-4967-B598-4804634A6952}"
	ProjectSection(SolutionItems) = preProject
		.github\ISSUE_TEMPLATE\bug_report.md = .github\ISSUE_TEMPLATE\bug_report.md
		.github\ISSUE_TEMPLATE\feature_request.md = .github\ISSUE_TEMPLATE\feature_request.md
	EndProjectSection
EndProject
Global
	GlobalSection(SolutionConfigurationPlatforms) = preSolution
		Debug|Any CPU = Debug|Any CPU
		Release|Any CPU = Release|Any CPU
	EndGlobalSection
	GlobalSection(ProjectConfigurationPlatforms) = postSolution
		{9254C4F1-2305-457F-A7DB-9BEE8B2A76B7}.Debug|Any CPU.ActiveCfg = Debug|Any CPU
		{9254C4F1-2305-457F-A7DB-9BEE8B2A76B7}.Debug|Any CPU.Build.0 = Debug|Any CPU
		{9254C4F1-2305-457F-A7DB-9BEE8B2A76B7}.Release|Any CPU.ActiveCfg = Release|Any CPU
		{9254C4F1-2305-457F-A7DB-9BEE8B2A76B7}.Release|Any CPU.Build.0 = Release|Any CPU
		{6FD2F651-A074-4C07-93A3-0527EB19F3BF}.Debug|Any CPU.ActiveCfg = Debug|Any CPU
		{6FD2F651-A074-4C07-93A3-0527EB19F3BF}.Debug|Any CPU.Build.0 = Debug|Any CPU
		{6FD2F651-A074-4C07-93A3-0527EB19F3BF}.Release|Any CPU.ActiveCfg = Release|Any CPU
		{6FD2F651-A074-4C07-93A3-0527EB19F3BF}.Release|Any CPU.Build.0 = Release|Any CPU
		{49400532-7B7B-4C8F-877F-FDB21D3717CC}.Debug|Any CPU.ActiveCfg = Debug|Any CPU
		{49400532-7B7B-4C8F-877F-FDB21D3717CC}.Debug|Any CPU.Build.0 = Debug|Any CPU
		{49400532-7B7B-4C8F-877F-FDB21D3717CC}.Release|Any CPU.ActiveCfg = Release|Any CPU
		{49400532-7B7B-4C8F-877F-FDB21D3717CC}.Release|Any CPU.Build.0 = Release|Any CPU
		{F25AB0AB-F046-4D4B-97DD-634C2725D050}.Debug|Any CPU.ActiveCfg = Debug|Any CPU
		{F25AB0AB-F046-4D4B-97DD-634C2725D050}.Debug|Any CPU.Build.0 = Debug|Any CPU
		{F25AB0AB-F046-4D4B-97DD-634C2725D050}.Release|Any CPU.ActiveCfg = Release|Any CPU
		{F25AB0AB-F046-4D4B-97DD-634C2725D050}.Release|Any CPU.Build.0 = Release|Any CPU
	EndGlobalSection
	GlobalSection(SolutionProperties) = preSolution
		HideSolutionNode = FALSE
	EndGlobalSection
	GlobalSection(NestedProjects) = preSolution
		{9254C4F1-2305-457F-A7DB-9BEE8B2A76B7} = {EFBB5EFD-334C-487E-8C31-9F21FB106FFF}
		{6FD2F651-A074-4C07-93A3-0527EB19F3BF} = {8D5ED59A-C3FC-4E35-9E73-A8FF5492DFCD}
		{49400532-7B7B-4C8F-877F-FDB21D3717CC} = {EFBB5EFD-334C-487E-8C31-9F21FB106FFF}
		{F25AB0AB-F046-4D4B-97DD-634C2725D050} = {9830BBC8-5A1C-4FC7-AFC8-C3F5247B2151}
		{738BD06E-33F6-4A29-B416-90F574A06D7D} = {6C70B0E8-0729-41F6-8A4F-E6E30F960717}
		{E248C01E-FC23-4967-B598-4804634A6952} = {738BD06E-33F6-4A29-B416-90F574A06D7D}
	EndGlobalSection
	GlobalSection(ExtensibilityGlobals) = postSolution
		SolutionGuid = {5B7EB520-AC1E-4B28-96B6-EC550256D338}
	EndGlobalSection
EndGlobal
